{
  "version": 4,
  "terraform_version": "1.14.8",
  "serial": 1,
  "lineage": "6e8c0646-3147-9263-acf8-3a25a8f0b981",
  "outputs": {
    "acr_login_server": {
      "value": null,
      "type": "string"
    },
    "acr_name": {
      "value": null,
      "type": "string"
    },
    "aks_cluster_name": {
      "value": null,
      "type": "string"
    },
    "aks_kube_config": {
      "value": null,
      "type": "string",
      "sensitive": true
    },
    "resource_group_name": {
      "value": "rg-microservices-demo",
      "type": "string"
    }
  },
  "resources": [
    {
      "mode": "managed",
      "type": "azurerm_resource_group",
      "name": "main",
      "provider": "provider[\"registry.terraform.io/hashicorp/azurerm\"]",
      "instances": [
        {
          "schema_version": 0,
          "attributes": {
            "id": "/subscriptions/933a098f-5d57-44f9-9bc3-93437b89dd23/resourceGroups/rg-microservices-demo",
            "location": "eastus",
            "managed_by": "",
            "name": "rg-microservices-demo",
            "tags": {},
            "timeouts": null
          },
          "sensitive_attributes": [],
          "identity_schema_version": 0,
          "private": "eyJlMmJmYjczMC1lY2FhLTExZTYtOGY4OC0zNDM2M2JjN2M0YzAiOnsiY3JlYXRlIjo1NDAwMDAwMDAwMDAwLCJkZWxldGUiOjU0MDAwMDAwMDAwMDAsInJlYWQiOjMwMDAwMDAwMDAwMCwidXBkYXRlIjo1NDAwMDAwMDAwMDAwfSwic2NoZW1hX3ZlcnNpb24iOiIwIn0="
        }
      ]
    }
  ],
  "check_results": null
}
